
Microsoft Visual Studio Solution File, Format Version 12.00
# Visual Studio 14
VisualStudioVersion = 14.0.25420.1
MinimumVisualStudioVersion = 10.0.40219.1
Project("{FAE04EC0-301F-11D3-BF4B-00C04F79EFBC}") = "UsefullAlgorithms.Parsing", "UsefullAlgorithms.Parsing\UsefullAlgorithms.Parsing.csproj", "{70305E94-B203-4CCA-B5DD-7052128BB71B}"
EndProject
Project("{FAE04EC0-301F-11D3-BF4B-00C04F79EFBC}") = "UsefullAlgorithms.Helpers", "UsefullAlgorithms.Helpers\UsefullAlgorithms.Helpers.csproj", "{43B8EB6D-8B1A-456B-B2FE-22267BA7AC71}"
EndProject
Project("{FAE04EC0-301F-11D3-BF4B-00C04F79EFBC}") = "UsefullAlgorithms.Graph", "UsefullAlgorithms.Graph\UsefullAlgorithms.Graph.csproj", "{9593F04C-E0FB-4F6B-A7AF-A9F4452163C0}"
EndProject
Project("{FAE04EC0-301F-11D3-BF4B-00C04F79EFBC}") = "UsefullAlgorithms.Graph.Tests", "UsefullAlgorithms.Graph.Tests\UsefullAlgorithms.Graph.Tests.csproj", "{F46F9273-F0E5-45AB-AE72-7C454D0C38EA}"
EndProject
Project("{FAE04EC0-301F-11D3-BF4B-00C04F79EFBC}") = "UsefullAlgorithms.ChainedExecution", "UsefullAlgorithms.ChainedExecution\UsefullAlgorithms.ChainedExecution.csproj", "{72DC240F-6537-4F0F-973D-C1AD44AC3CD1}"
EndProject
Project("{FAE04EC0-301F-11D3-BF4B-00C04F79EFBC}") = "UsefullAlgorithms.ChainedExecution.Tests", "UsefullAlgorithms.ChainedExecution.Tests\UsefullAlgorithms.ChainedExecution.Tests.csproj", "{D0F3286A-247B-4944-8929-EC090D8C39FE}"
EndProject
Global
	GlobalSection(SolutionConfigurationPlatforms) = preSolution
		Debug|Any CPU = Debug|Any CPU
		Release|Any CPU = Release|Any CPU
	EndGlobalSection
	GlobalSection(ProjectConfigurationPlatforms) = postSolution
		{70305E94-B203-4CCA-B5DD-7052128BB71B}.Debug|Any CPU.ActiveCfg = Debug|Any CPU
		{70305E94-B203-4CCA-B5DD-7052128BB71B}.Debug|Any CPU.Build.0 = Debug|Any CPU
		{70305E94-B203-4CCA-B5DD-7052128BB71B}.Release|Any CPU.ActiveCfg = Release|Any CPU
		{70305E94-B203-4CCA-B5DD-7052128BB71B}.Release|Any CPU.Build.0 = Release|Any CPU
		{43B8EB6D-8B1A-456B-B2FE-22267BA7AC71}.Debug|Any CPU.ActiveCfg = Debug|Any CPU
		{43B8EB6D-8B1A-456B-B2FE-22267BA7AC71}.Debug|Any CPU.Build.0 = Debug|Any CPU
		{43B8EB6D-8B1A-456B-B2FE-22267BA7AC71}.Release|Any CPU.ActiveCfg = Release|Any CPU
		{43B8EB6D-8B1A-456B-B2FE-22267BA7AC71}.Release|Any CPU.Build.0 = Release|Any CPU
		{9593F04C-E0FB-4F6B-A7AF-A9F4452163C0}.Debug|Any CPU.ActiveCfg = Debug|Any CPU
		{9593F04C-E0FB-4F6B-A7AF-A9F4452163C0}.Debug|Any CPU.Build.0 = Debug|Any CPU
		{9593F04C-E0FB-4F6B-A7AF-A9F4452163C0}.Release|Any CPU.ActiveCfg = Release|Any CPU
		{9593F04C-E0FB-4F6B-A7AF-A9F4452163C0}.Release|Any CPU.Build.0 = Release|Any CPU
		{F46F9273-F0E5-45AB-AE72-7C454D0C38EA}.Debug|Any CPU.ActiveCfg = Debug|Any CPU
		{F46F9273-F0E5-45AB-AE72-7C454D0C38EA}.Debug|Any CPU.Build.0 = Debug|Any CPU
		{F46F9273-F0E5-45AB-AE72-7C454D0C38EA}.Release|Any CPU.ActiveCfg = Release|Any CPU
		{F46F9273-F0E5-45AB-AE72-7C454D0C38EA}.Release|Any CPU.Build.0 = Release|Any CPU
		{72DC240F-6537-4F0F-973D-C1AD44AC3CD1}.Debug|Any CPU.ActiveCfg = Debug|Any CPU
		{72DC240F-6537-4F0F-973D-C1AD44AC3CD1}.Debug|Any CPU.Build.0 = Debug|Any CPU
		{72DC240F-6537-4F0F-973D-C1AD44AC3CD1}.Release|Any CPU.ActiveCfg = Release|Any CPU
		{72DC240F-6537-4F0F-973D-C1AD44AC3CD1}.Release|Any CPU.Build.0 = Release|Any CPU
		{D0F3286A-247B-4944-8929-EC090D8C39FE}.Debug|Any CPU.ActiveCfg = Debug|Any CPU
		{D0F3286A-247B-4944-8929-EC090D8C39FE}.Debug|Any CPU.Build.0 = Debug|Any CPU
		{D0F3286A-247B-4944-8929-EC090D8C39FE}.Release|Any CPU.ActiveCfg = Release|Any CPU
		{D0F3286A-247B-4944-8929-EC090D8C39FE}.Release|Any CPU.Build.0 = Release|Any CPU
	EndGlobalSection
	GlobalSection(SolutionProperties) = preSolution
		HideSolutionNode = FALSE
	EndGlobalSection
EndGlobal
